# This file was generated by Aiken
# You typically do not need to edit this file

[[requirements]]
name = "aiken-lang/stdlib"
version = "1.9.0"
source = "github"

[[requirements]]
name = "orcfax/orcfax-aiken"
version = "main"
source = "github"

[[packages]]
name = "aiken-lang/stdlib"
version = "1.9.0"
requirements = []
source = "github"

[[packages]]
name = "orcfax/orcfax-aiken"
version = "main"
requirements = []
source = "github"

[etags]
"orcfax/orcfax-aiken@main" = [{ secs_since_epoch = 1736702925, nanos_since_epoch = 58648653 }, "aca35a4a85856534a73844e904e31720689cffc7d906861b7c6a41b969c616a7"]
