# This file was generated by Aiken
# You typically do not need to edit this file

[[requirements]]
name = "aiken-lang/stdlib"
version = "1.9.0"
source = "github"

[[requirements]]
name = "orcfax/orcfax-aiken"
version = "main"
source = "github"

[[packages]]
name = "aiken-lang/stdlib"
version = "1.9.0"
requirements = []
source = "github"

[[packages]]
name = "orcfax/orcfax-aiken"
version = "main"
requirements = []
source = "github"

[etags]
"orcfax/orcfax-aiken@main" = [{ secs_since_epoch = 1725546981, nanos_since_epoch = 367909700 }, "2ed26bd4d61dcceed69acd697141c91c20bd80cd55f0fb61499c16ce0b732b99"]
