# This file was generated by Aiken
# You typically do not need to edit this file

[[requirements]]
name = "aiken-lang/stdlib"
version = "1.9.0"
source = "github"

[[requirements]]
name = "orcfax/orcfax-aiken"
version = "main"
source = "github"

[[packages]]
name = "aiken-lang/stdlib"
version = "1.9.0"
requirements = []
source = "github"

[[packages]]
name = "orcfax/orcfax-aiken"
version = "main"
requirements = []
source = "github"

[etags]
"orcfax/orcfax-aiken@main" = [{ secs_since_epoch = 1721809795, nanos_since_epoch = 866659591 }, "9423d37f7af02ad37aeae9ab0275b0d823db03d2483f41b5b8e23e611fd5f224"]
